Microsoft Visual Studio Solution File, Format Version 12.00
# Visual Studio Version 17

VisualStudioVersion = 17.0.31912.275

MinimumVisualStudioVersion = 16.0.0.0
Project("{9A19103F-16F7-4668-BE54-9A1E7A4F7556}") = "ProjectBank.Server", "Server\ProjectBank.Server.csproj", "{74651032-4120-404D-8034-3F83E6325BE8}"
EndProject
Project("{9A19103F-16F7-4668-BE54-9A1E7A4F7556}") = "ProjectBank.Client", "Client\ProjectBank.Client.csproj", "{8BE1E278-E017-4EA3-9ED7-6435C68F220A}"
EndProject
Project("{9A19103F-16F7-4668-BE54-9A1E7A4F7556}") = "ProjectBank.Shared", "Shared\ProjectBank.Shared.csproj", "{53F74DE6-CF5E-42C9-A70B-A6CC4F9F0935}"
EndProject
Global
	GlobalSection(SolutionConfigurationPlatforms) = preSolution
		Debug|Any CPU = Debug|Any CPU
		Debug|x64 = Debug|x64
		Debug|x86 = Debug|x86
		Release|Any CPU = Release|Any CPU
		Release|x64 = Release|x64
		Release|x86 = Release|x86
	EndGlobalSection
	GlobalSection(ProjectConfigurationPlatforms) = postSolution
		{74651032-4120-404D-8034-3F83E6325BE8}.Debug|Any CPU.ActiveCfg = Debug|Any CPU
		{74651032-4120-404D-8034-3F83E6325BE8}.Debug|Any CPU.Build.0 = Debug|Any CPU
		{74651032-4120-404D-8034-3F83E6325BE8}.Debug|x64.ActiveCfg = Debug|Any CPU
		{74651032-4120-404D-8034-3F83E6325BE8}.Debug|x64.Build.0 = Debug|Any CPU
		{74651032-4120-404D-8034-3F83E6325BE8}.Debug|x86.ActiveCfg = Debug|Any CPU
		{74651032-4120-404D-8034-3F83E6325BE8}.Debug|x86.Build.0 = Debug|Any CPU
		{74651032-4120-404D-8034-3F83E6325BE8}.Release|Any CPU.ActiveCfg = Release|Any CPU
		{74651032-4120-404D-8034-3F83E6325BE8}.Release|Any CPU.Build.0 = Release|Any CPU
		{74651032-4120-404D-8034-3F83E6325BE8}.Release|x64.ActiveCfg = Release|Any CPU
		{74651032-4120-404D-8034-3F83E6325BE8}.Release|x64.Build.0 = Release|Any CPU
		{74651032-4120-404D-8034-3F83E6325BE8}.Release|x86.ActiveCfg = Release|Any CPU
		{74651032-4120-404D-8034-3F83E6325BE8}.Release|x86.Build.0 = Release|Any CPU
		{8BE1E278-E017-4EA3-9ED7-6435C68F220A}.Debug|Any CPU.ActiveCfg = Debug|Any CPU
		{8BE1E278-E017-4EA3-9ED7-6435C68F220A}.Debug|Any CPU.Build.0 = Debug|Any CPU
		{8BE1E278-E017-4EA3-9ED7-6435C68F220A}.Debug|x64.ActiveCfg = Debug|Any CPU
		{8BE1E278-E017-4EA3-9ED7-6435C68F220A}.Debug|x64.Build.0 = Debug|Any CPU
		{8BE1E278-E017-4EA3-9ED7-6435C68F220A}.Debug|x86.ActiveCfg = Debug|Any CPU
		{8BE1E278-E017-4EA3-9ED7-6435C68F220A}.Debug|x86.Build.0 = Debug|Any CPU
		{8BE1E278-E017-4EA3-9ED7-6435C68F220A}.Release|Any CPU.ActiveCfg = Release|Any CPU
		{8BE1E278-E017-4EA3-9ED7-6435C68F220A}.Release|Any CPU.Build.0 = Release|Any CPU
		{8BE1E278-E017-4EA3-9ED7-6435C68F220A}.Release|x64.ActiveCfg = Release|Any CPU
		{8BE1E278-E017-4EA3-9ED7-6435C68F220A}.Release|x64.Build.0 = Release|Any CPU
		{8BE1E278-E017-4EA3-9ED7-6435C68F220A}.Release|x86.ActiveCfg = Release|Any CPU
		{8BE1E278-E017-4EA3-9ED7-6435C68F220A}.Release|x86.Build.0 = Release|Any CPU
		{53F74DE6-CF5E-42C9-A70B-A6CC4F9F0935}.Debug|Any CPU.ActiveCfg = Debug|Any CPU
		{53F74DE6-CF5E-42C9-A70B-A6CC4F9F0935}.Debug|Any CPU.Build.0 = Debug|Any CPU
		{53F74DE6-CF5E-42C9-A70B-A6CC4F9F0935}.Debug|x64.ActiveCfg = Debug|Any CPU
		{53F74DE6-CF5E-42C9-A70B-A6CC4F9F0935}.Debug|x64.Build.0 = Debug|Any CPU
		{53F74DE6-CF5E-42C9-A70B-A6CC4F9F0935}.Debug|x86.ActiveCfg = Debug|Any CPU
		{53F74DE6-CF5E-42C9-A70B-A6CC4F9F0935}.Debug|x86.Build.0 = Debug|Any CPU
		{53F74DE6-CF5E-42C9-A70B-A6CC4F9F0935}.Release|Any CPU.ActiveCfg = Release|Any CPU
		{53F74DE6-CF5E-42C9-A70B-A6CC4F9F0935}.Release|Any CPU.Build.0 = Release|Any CPU
		{53F74DE6-CF5E-42C9-A70B-A6CC4F9F0935}.Release|x64.ActiveCfg = Release|Any CPU
		{53F74DE6-CF5E-42C9-A70B-A6CC4F9F0935}.Release|x64.Build.0 = Release|Any CPU
		{53F74DE6-CF5E-42C9-A70B-A6CC4F9F0935}.Release|x86.ActiveCfg = Release|Any CPU
		{53F74DE6-CF5E-42C9-A70B-A6CC4F9F0935}.Release|x86.Build.0 = Release|Any CPU
	EndGlobalSection
	GlobalSection(SolutionProperties) = preSolution
		HideSolutionNode = FALSE
	EndGlobalSection
	GlobalSection(ExtensibilityGlobals) = postSolution
		SolutionGuid = {D2B64593-667E-4705-9B3C-1D20FCC925BB}
	EndGlobalSection
EndGlobal
